# This file is generated by running "yarn install" inside your project.
# Manual changes might be lost - proceed with caution!

__metadata:
  version: 8
  cacheKey: 10c0

"@types/node@npm:12.7.2":
  version: 12.7.2
  resolution: "@types/node@npm:12.7.2"
  checksum: 10c0/37f11eae65299a265063d084cb26468c95a820a6c5a64be6eeae8a912ee43e8aec3bb4e42c851da49c06caa786eb4f0520fdc25948e2a1e67bcd7684d8b89760
  languageName: node
  linkType: hard

"arg@npm:^4.1.0":
  version: 4.1.3
  resolution: "arg@npm:4.1.3"
  checksum: 10c0/070ff801a9d236a6caa647507bdcc7034530604844d64408149a26b9e87c2f97650055c0f049abd1efc024b334635c01f29e0b632b371ac3f26130f4cf65997a
  languageName: node
  linkType: hard

"buffer-from@npm:^1.0.0":
  version: 1.1.2
  resolution: "buffer-from@npm:1.1.2"
  checksum: 10c0/124fff9d66d691a86d3b062eff4663fe437a9d9ee4b47b1b9e97f5a5d14f6d5399345db80f796827be7c95e70a8e765dd404b7c3ff3b3324f98e9b0c8826cc34
  languageName: node
  linkType: hard

"crypto-wasm-sample@workspace:.":
  version: 0.0.0-use.local
  resolution: "crypto-wasm-sample@workspace:."
  dependencies:
    "@types/node": "npm:12.7.2"
    ts-node: "npm:8.4.1"
    typescript: "npm:3.7.5"
  languageName: unknown
  linkType: soft

"diff@npm:^4.0.1":
  version: 4.0.2
  resolution: "diff@npm:4.0.2"
  checksum: 10c0/81b91f9d39c4eaca068eb0c1eb0e4afbdc5bb2941d197f513dd596b820b956fef43485876226d65d497bebc15666aa2aa82c679e84f65d5f2bfbf14ee46e32c1
  languageName: node
  linkType: hard

"make-error@npm:^1.1.1":
  version: 1.3.6
  resolution: "make-error@npm:1.3.6"
  checksum: 10c0/171e458d86854c6b3fc46610cfacf0b45149ba043782558c6875d9f42f222124384ad0b468c92e996d815a8a2003817a710c0a160e49c1c394626f76fa45396f
  languageName: node
  linkType: hard

"source-map-support@npm:^0.5.6":
  version: 0.5.20
  resolution: "source-map-support@npm:0.5.20"
  dependencies:
    buffer-from: "npm:^1.0.0"
    source-map: "npm:^0.6.0"
  checksum: 10c0/84a909248b1b7971d37fde1f2488a5e3b7aa2d676f92373a8bddcf5b059574d09971b82d2911ae91feb8245f9f2b0e0766f73b9c51ffb26c0fd2df5d44938307
  languageName: node
  linkType: hard

"source-map@npm:^0.6.0":
  version: 0.6.1
  resolution: "source-map@npm:0.6.1"
  checksum: 10c0/ab55398007c5e5532957cb0beee2368529618ac0ab372d789806f5718123cc4367d57de3904b4e6a4170eb5a0b0f41373066d02ca0735a0c4d75c7d328d3e011
  languageName: node
  linkType: hard

"ts-node@npm:8.4.1":
  version: 8.4.1
  resolution: "ts-node@npm:8.4.1"
  dependencies:
    arg: "npm:^4.1.0"
    diff: "npm:^4.0.1"
    make-error: "npm:^1.1.1"
    source-map-support: "npm:^0.5.6"
    yn: "npm:^3.0.0"
  peerDependencies:
    typescript: ">=2.0"
  bin:
    ts-node: dist/bin.js
  checksum: 10c0/c6bf28b740ef0a8ec5bd0c207a9a89fffa046177a506fd9cdc1485e879f57a6439b55328e7eef5926013205a05c5d0010373f528310a483e2a304e0796f80a86
  languageName: node
  linkType: hard

"typescript@npm:3.7.5":
  version: 3.7.5
  resolution: "typescript@npm:3.7.5"
  bin:
    tsc: bin/tsc
    tsserver: bin/tsserver
  checksum: 10c0/45ef6de2de7182cc77e40bb9b4a28db1ffc4413c8d96497dd30e97b2981317994617eca8f64b3195d57865cf766f915ee08a4e72da760eb898058595ab135d6b
  languageName: node
  linkType: hard

"typescript@patch:typescript@npm%3A3.7.5#optional!builtin<compat/typescript>":
  version: 3.7.5
  resolution: "typescript@patch:typescript@npm%3A3.7.5#optional!builtin<compat/typescript>::version=3.7.5&hash=c44097"
  bin:
    tsc: bin/tsc
    tsserver: bin/tsserver
  checksum: 10c0/12b0ae800cd88705ef3fba8c244c25dcbceff9451dd7cc11bc0d4236bbd9ce24c2688e412f881837657288522a71d7a1eae0d8954e3ca001a236f306f5eedf36
  languageName: node
  linkType: hard

"yn@npm:^3.0.0":
  version: 3.1.1
  resolution: "yn@npm:3.1.1"
  checksum: 10c0/0732468dd7622ed8a274f640f191f3eaf1f39d5349a1b72836df484998d7d9807fbea094e2f5486d6b0cd2414aad5775972df0e68f8604db89a239f0f4bf7443
  languageName: node
  linkType: hard
